
Microsoft Visual Studio Solution File, Format Version 12.00
# Visual Studio Version 17
VisualStudioVersion = 17.9.34622.214
MinimumVisualStudioVersion = 10.0.40219.1
Project("{FAE04EC0-301F-11D3-BF4B-00C04F79EFBC}") = "WebBaoDoi", "WebBaoDoi\WebBaoDoi.csproj", "{FB189584-3E75-46C8-BB34-E19B28CEF5E5}"
EndProject
Global
	GlobalSection(SolutionConfigurationPlatforms) = preSolution
		Debug|Any CPU = Debug|Any CPU
		Release|Any CPU = Release|Any CPU
	EndGlobalSection
	GlobalSection(ProjectConfigurationPlatforms) = postSolution
		{FB189584-3E75-46C8-BB34-E19B28CEF5E5}.Debug|Any CPU.ActiveCfg = Debug|Any CPU
		{FB189584-3E75-46C8-BB34-E19B28CEF5E5}.Debug|Any CPU.Build.0 = Debug|Any CPU
		{FB189584-3E75-46C8-BB34-E19B28CEF5E5}.Release|Any CPU.ActiveCfg = Release|Any CPU
		{FB189584-3E75-46C8-BB34-E19B28CEF5E5}.Release|Any CPU.Build.0 = Release|Any CPU
	EndGlobalSection
	GlobalSection(SolutionProperties) = preSolution
		HideSolutionNode = FALSE
	EndGlobalSection
	GlobalSection(ExtensibilityGlobals) = postSolution
		SolutionGuid = {4E3D8FF6-5C4A-4844-AA00-01B0EE645B87}
	EndGlobalSection
EndGlobal
